
Microsoft Visual Studio Solution File, Format Version 12.00
# Visual Studio Version 17
VisualStudioVersion = 17.3.32825.248
MinimumVisualStudioVersion = 10.0.40219.1
Project("{FAE04EC0-301F-11D3-BF4B-00C04F79EFBC}") = "PasswordCheckerApal", "PasswordCheckerApal.csproj", "{1E1F0B05-92DA-43D2-8A65-C3B86275EFFA}"
EndProject
Project("{FAE04EC0-301F-11D3-BF4B-00C04F79EFBC}") = "PasswordCheckerApalTests", "..\PasswordCheckerApalTests\PasswordCheckerApalTests.csproj", "{7EF4B49D-1C9A-4F54-B76F-258C783B8B8B}"
EndProject
Global
	GlobalSection(SolutionConfigurationPlatforms) = preSolution
		Debug|Any CPU = Debug|Any CPU
		Release|Any CPU = Release|Any CPU
	EndGlobalSection
	GlobalSection(ProjectConfigurationPlatforms) = postSolution
		{1E1F0B05-92DA-43D2-8A65-C3B86275EFFA}.Debug|Any CPU.ActiveCfg = Debug|Any CPU
		{1E1F0B05-92DA-43D2-8A65-C3B86275EFFA}.Debug|Any CPU.Build.0 = Debug|Any CPU
		{1E1F0B05-92DA-43D2-8A65-C3B86275EFFA}.Release|Any CPU.ActiveCfg = Release|Any CPU
		{1E1F0B05-92DA-43D2-8A65-C3B86275EFFA}.Release|Any CPU.Build.0 = Release|Any CPU
		{7EF4B49D-1C9A-4F54-B76F-258C783B8B8B}.Debug|Any CPU.ActiveCfg = Debug|Any CPU
		{7EF4B49D-1C9A-4F54-B76F-258C783B8B8B}.Debug|Any CPU.Build.0 = Debug|Any CPU
		{7EF4B49D-1C9A-4F54-B76F-258C783B8B8B}.Release|Any CPU.ActiveCfg = Release|Any CPU
		{7EF4B49D-1C9A-4F54-B76F-258C783B8B8B}.Release|Any CPU.Build.0 = Release|Any CPU
	EndGlobalSection
	GlobalSection(SolutionProperties) = preSolution
		HideSolutionNode = FALSE
	EndGlobalSection
	GlobalSection(ExtensibilityGlobals) = postSolution
		SolutionGuid = {F0B9AADD-B300-4580-AC93-7948F9F491F8}
	EndGlobalSection
EndGlobal
